
Microsoft Visual Studio Solution File, Format Version 12.00
# Visual Studio Version 17
VisualStudioVersion = 17.4.33403.182
MinimumVisualStudioVersion = 10.0.40219.1
Project("{FAE04EC0-301F-11D3-BF4B-00C04F79EFBC}") = "FDN.SQL.1", "FDN.SQL.1\FDN.SQL.1.csproj", "{3BC29C11-F261-461F-A878-36CBA65F941E}"
EndProject
Global
	GlobalSection(SolutionConfigurationPlatforms) = preSolution
		Debug|Any CPU = Debug|Any CPU
		Release|Any CPU = Release|Any CPU
	EndGlobalSection
	GlobalSection(ProjectConfigurationPlatforms) = postSolution
		{3BC29C11-F261-461F-A878-36CBA65F941E}.Debug|Any CPU.ActiveCfg = Debug|Any CPU
		{3BC29C11-F261-461F-A878-36CBA65F941E}.Debug|Any CPU.Build.0 = Debug|Any CPU
		{3BC29C11-F261-461F-A878-36CBA65F941E}.Release|Any CPU.ActiveCfg = Release|Any CPU
		{3BC29C11-F261-461F-A878-36CBA65F941E}.Release|Any CPU.Build.0 = Release|Any CPU
	EndGlobalSection
	GlobalSection(SolutionProperties) = preSolution
		HideSolutionNode = FALSE
	EndGlobalSection
	GlobalSection(ExtensibilityGlobals) = postSolution
		SolutionGuid = {9829DBD7-03DC-478F-8451-831F2C61DDF6}
	EndGlobalSection
EndGlobal
